// !$*UTF8*$!
{
	archiveVersion = 1;
	classes = {
	};
	objectVersion = 46;
	objects = {

/* Begin PBXBuildFile section */
		463EF04F843A6C78C6B062F8 /* libPods.a in Frameworks */ = {isa = PBXBuildFile; fileRef = C6AC5DC59E92402B5B6F0A50 /* libPods.a */; };
		FA9CE29B1B91FD560017C54E /* AppDelegate.swift in Sources */ = {isa = PBXBuildFile; fileRef = FA9CE29A1B91FD560017C54E /* AppDelegate.swift */; };
		FA9CE29D1B91FD560017C54E /* ViewController.swift in Sources */ = {isa = PBXBuildFile; fileRef = FA9CE29C1B91FD560017C54E /* ViewController.swift */; };
		FA9CE2A01B91FD560017C54E /* Main.storyboard in Resources */ = {isa = PBXBuildFile; fileRef = FA9CE29E1B91FD560017C54E /* Main.storyboard */; };
		FA9CE2A21B91FD560017C54E /* Assets.xcassets in Resources */ = {isa = PBXBuildFile; fileRef = FA9CE2A11B91FD560017C54E /* Assets.xcassets */; };
		FA9CE2A51B91FD560017C54E /* LaunchScreen.storyboard in Resources */ = {isa = PBXBuildFile; fileRef = FA9CE2A31B91FD560017C54E /* LaunchScreen.storyboard */; };
		FA9CE2B01B91FD570017C54E /* slateTests.swift in Sources */ = {isa = PBXBuildFile; fileRef = FA9CE2AF1B91FD570017C54E /* slateTests.swift */; };
		FA9CE2BB1B91FD570017C54E /* slateUITests.swift in Sources */ = {isa = PBXBuildFile; fileRef = FA9CE2BA1B91FD570017C54E /* slateUITests.swift */; };
/* End PBXBuildFile section */

/* Begin PBXContainerItemProxy section */
		FA9CE2AC1B91FD570017C54E /* PBXContainerItemProxy */ = {
			isa = PBXContainerItemProxy;
			containerPortal = FA9CE28F1B91FD560017C54E /* Project object */;
			proxyType = 1;
			remoteGlobalIDString = FA9CE2961B91FD560017C54E;
			remoteInfo = slate;
		};
		FA9CE2B71B91FD570017C54E /* PBXContainerItemProxy */ = {
			isa = PBXContainerItemProxy;
			containerPortal = FA9CE28F1B91FD560017C54E /* Project object */;
			proxyType = 1;
			remoteGlobalIDString = FA9CE2961B91FD560017C54E;
			remoteInfo = slate;
		};
/* End PBXContainerItemProxy section */

/* Begin PBXFileReference section */
		7DFF7C990BD7FE9ECFF0A01E /* Pods.release.xcconfig */ = {isa = PBXFileReference; includeInIndex = 1; lastKnownFileType = text.xcconfig; name = Pods.release.xcconfig; path = "Pods/Target Support Files/Pods/Pods.release.xcconfig"; sourceTree = "<group>"; };
		9AA95E23041B091A6B844B18 /* Pods.debug.xcconfig */ = {isa = PBXFileReference; includeInIndex = 1; lastKnownFileType = text.xcconfig; name = Pods.debug.xcconfig; path = "Pods/Target Support Files/Pods/Pods.debug.xcconfig"; sourceTree = "<group>"; };
		C6AC5DC59E92402B5B6F0A50 /* libPods.a */ = {isa = PBXFileReference; explicitFileType = archive.ar; includeInIndex = 0; path = libPods.a; sourceTree = BUILT_PRODUCTS_DIR; };
		FA9CE2971B91FD560017C54E /* slate.app */ = {isa = PBXFileReference; explicitFileType = wrapper.application; includeInIndex = 0; path = slate.app; sourceTree = BUILT_PRODUCTS_DIR; };
		FA9CE29A1B91FD560017C54E /* AppDelegate.swift */ = {isa = PBXFileReference; lastKnownFileType = sourcecode.swift; path = AppDelegate.swift; sourceTree = "<group>"; };
		FA9CE29C1B91FD560017C54E /* ViewController.swift */ = {isa = PBXFileReference; lastKnownFileType = sourcecode.swift; path = ViewController.swift; sourceTree = "<group>"; };
		FA9CE29F1B91FD560017C54E /* Base */ = {isa = PBXFileReference; lastKnownFileType = file.storyboard; name = Base; path = Base.lproj/Main.storyboard; sourceTree = "<group>"; };
		FA9CE2A11B91FD560017C54E /* Assets.xcassets */ = {isa = PBXFileReference; lastKnownFileType = folder.assetcatalog; path = Assets.xcassets; sourceTree = "<group>"; };
		FA9CE2A41B91FD560017C54E /* Base */ = {isa = PBXFileReference; lastKnownFileType = file.storyboard; name = Base; path = Base.lproj/LaunchScreen.storyboard; sourceTree = "<group>"; };
		FA9CE2A61B91FD560017C54E /* Info.plist */ = {isa = PBXFileReference; lastKnownFileType = text.plist.xml; path = Info.plist; sourceTree = "<group>"; };
		FA9CE2AB1B91FD570017C54E /* slateTests.xctest */ = {isa = PBXFileReference; explicitFileType = wrapper.cfbundle; includeInIndex = 0; path = slateTests.xctest; sourceTree = BUILT_PRODUCTS_DIR; };
		FA9CE2AF1B91FD570017C54E /* slateTests.swift */ = {isa = PBXFileReference; lastKnownFileType = sourcecode.swift; path = slateTests.swift; sourceTree = "<group>"; };
		FA9CE2B11B91FD570017C54E /* Info.plist */ = {isa = PBXFileReference; lastKnownFileType = text.plist.xml; path = Info.plist; sourceTree = "<group>"; };
		FA9CE2B61B91FD570017C54E /* slateUITests.xctest */ = {isa = PBXFileReference; explicitFileType = wrapper.cfbundle; includeInIndex = 0; path = slateUITests.xctest; sourceTree = BUILT_PRODUCTS_DIR; };
		FA9CE2BA1B91FD570017C54E /* slateUITests.swift */ = {isa = PBXFileReference; lastKnownFileType = sourcecode.swift; path = slateUITests.swift; sourceTree = "<group>"; };
		FA9CE2BC1B91FD570017C54E /* Info.plist */ = {isa = PBXFileReference; lastKnownFileType = text.plist.xml; path = Info.plist; sourceTree = "<group>"; };
/* End PBXFileReference section */

/* Begin PBXFrameworksBuildPhase section */
		FA9CE2941B91FD560017C54E /* Frameworks */ = {
			isa = PBXFrameworksBuildPhase;
			buildActionMask = 2147483647;
			files = (
				463EF04F843A6C78C6B062F8 /* libPods.a in Frameworks */,
			);
			runOnlyForDeploymentPostprocessing = 0;
		};
		FA9CE2A81B91FD570017C54E /* Frameworks */ = {
			isa = PBXFrameworksBuildPhase;
			buildActionMask = 2147483647;
			files = (
			);
			runOnlyForDeploymentPostprocessing = 0;
		};
		FA9CE2B31B91FD570017C54E /* Frameworks */ = {
			isa = PBXFrameworksBuildPhase;
			buildActionMask = 2147483647;
			files = (
			);
			runOnlyForDeploymentPostprocessing = 0;
		};
/* End PBXFrameworksBuildPhase section */

/* Begin PBXGroup section */
		9929BBBF1B30E4699C8AC368 /* Frameworks */ = {
			isa = PBXGroup;
			children = (
				C6AC5DC59E92402B5B6F0A50 /* libPods.a */,
			);
			name = Frameworks;
			sourceTree = "<group>";
		};
		FA9CE28E1B91FD560017C54E = {
			isa = PBXGroup;
			children = (
				FA9CE2991B91FD560017C54E /* slate */,
				FA9CE2AE1B91FD570017C54E /* slateTests */,
				FA9CE2B91B91FD570017C54E /* slateUITests */,
				FA9CE2981B91FD560017C54E /* Products */,
				FAFDE8755D561C15EE8F7F67 /* Pods */,
				9929BBBF1B30E4699C8AC368 /* Frameworks */,
			);
			sourceTree = "<group>";
		};
		FA9CE2981B91FD560017C54E /* Products */ = {
			isa = PBXGroup;
			children = (
				FA9CE2971B91FD560017C54E /* slate.app */,
				FA9CE2AB1B91FD570017C54E /* slateTests.xctest */,
				FA9CE2B61B91FD570017C54E /* slateUITests.xctest */,
			);
			name = Products;
			sourceTree = "<group>";
		};
		FA9CE2991B91FD560017C54E /* slate */ = {
			isa = PBXGroup;
			children = (
				FA9CE29A1B91FD560017C54E /* AppDelegate.swift */,
				FA9CE29C1B91FD560017C54E /* ViewController.swift */,
				FA9CE29E1B91FD560017C54E /* Main.storyboard */,
				FA9CE2A11B91FD560017C54E /* Assets.xcassets */,
				FA9CE2A31B91FD560017C54E /* LaunchScreen.storyboard */,
				FA9CE2A61B91FD560017C54E /* Info.plist */,
			);
			path = slate;
			sourceTree = "<group>";
		};
		FA9CE2AE1B91FD570017C54E /* slateTests */ = {
			isa = PBXGroup;
			children = (
				FA9CE2AF1B91FD570017C54E /* slateTests.swift */,
				FA9CE2B11B91FD570017C54E /* Info.plist */,
			);
			path = slateTests;
			sourceTree = "<group>";
		};
		FA9CE2B91B91FD570017C54E /* slateUITests */ = {
			isa = PBXGroup;
			children = (
				FA9CE2BA1B91FD570017C54E /* slateUITests.swift */,
				FA9CE2BC1B91FD570017C54E /* Info.plist */,
			);
			path = slateUITests;
			sourceTree = "<group>";
		};
		FAFDE8755D561C15EE8F7F67 /* Pods */ = {
			isa = PBXGroup;
			children = (
				9AA95E23041B091A6B844B18 /* Pods.debug.xcconfig */,
				7DFF7C990BD7FE9ECFF0A01E /* Pods.release.xcconfig */,
			);
			name = Pods;
			sourceTree = "<group>";
		};
/* End PBXGroup section */

/* Begin PBXNativeTarget section */
		FA9CE2961B91FD560017C54E /* slate */ = {
			isa = PBXNativeTarget;
			buildConfigurationList = FA9CE2BF1B91FD570017C54E /* Build configuration list for PBXNativeTarget "slate" */;
			buildPhases = (
				B3659C14E7EE7711DE756EDE /* Check Pods Manifest.lock */,
				FA9CE2931B91FD560017C54E /* Sources */,
				FA9CE2941B91FD560017C54E /* Frameworks */,
				FA9CE2951B91FD560017C54E /* Resources */,
				E4EED4BFAC080BC41091DA76 /* Embed Pods Frameworks */,
				56EED4C8651570990087C44A /* Copy Pods Resources */,
			);
			buildRules = (
			);
			dependencies = (
			);
			name = slate;
			productName = slate;
			productReference = FA9CE2971B91FD560017C54E /* slate.app */;
			productType = "com.apple.product-type.application";
		};
		FA9CE2AA1B91FD570017C54E /* slateTests */ = {
			isa = PBXNativeTarget;
			buildConfigurationList = FA9CE2C21B91FD570017C54E /* Build configuration list for PBXNativeTarget "slateTests" */;
			buildPhases = (
				FA9CE2A71B91FD570017C54E /* Sources */,
				FA9CE2A81B91FD570017C54E /* Frameworks */,
				FA9CE2A91B91FD570017C54E /* Resources */,
			);
			buildRules = (
			);
			dependencies = (
				FA9CE2AD1B91FD570017C54E /* PBXTargetDependency */,
			);
			name = slateTests;
			productName = slateTests;
			productReference = FA9CE2AB1B91FD570017C54E /* slateTests.xctest */;
			productType = "com.apple.product-type.bundle.unit-test";
		};
		FA9CE2B51B91FD570017C54E /* slateUITests */ = {
			isa = PBXNativeTarget;
			buildConfigurationList = FA9CE2C51B91FD570017C54E /* Build configuration list for PBXNativeTarget "slateUITests" */;
			buildPhases = (
				FA9CE2B21B91FD570017C54E /* Sources */,
				FA9CE2B31B91FD570017C54E /* Frameworks */,
				FA9CE2B41B91FD570017C54E /* Resources */,
			);
			buildRules = (
			);
			dependencies = (
				FA9CE2B81B91FD570017C54E /* PBXTargetDependency */,
			);
			name = slateUITests;
			productName = slateUITests;
			productReference = FA9CE2B61B91FD570017C54E /* slateUITests.xctest */;
			productType = "com.apple.product-type.bundle.ui-testing";
		};
/* End PBXNativeTarget section */

/* Begin PBXProject section */
		FA9CE28F1B91FD560017C54E /* Project object */ = {
			isa = PBXProject;
			attributes = {
				LastUpgradeCheck = 0700;
				ORGANIZATIONNAME = x13N;
				TargetAttributes = {
					FA9CE2961B91FD560017C54E = {
						CreatedOnToolsVersion = 7.0;
					};
					FA9CE2AA1B91FD570017C54E = {
						CreatedOnToolsVersion = 7.0;
						TestTargetID = FA9CE2961B91FD560017C54E;
					};
					FA9CE2B51B91FD570017C54E = {
						CreatedOnToolsVersion = 7.0;
						TestTargetID = FA9CE2961B91FD560017C54E;
					};
				};
			};
			buildConfigurationList = FA9CE2921B91FD560017C54E /* Build configuration list for PBXProject "slate" */;
			compatibilityVersion = "Xcode 3.2";
			developmentRegion = English;
			hasScannedForEncodings = 0;
			knownRegions = (
				en,
				Base,
			);
			mainGroup = FA9CE28E1B91FD560017C54E;
			productRefGroup = FA9CE2981B91FD560017C54E /* Products */;
			projectDirPath = "";
			projectRoot = "";
			targets = (
				FA9CE2961B91FD560017C54E /* slate */,
				FA9CE2AA1B91FD570017C54E /* slateTests */,
				FA9CE2B51B91FD570017C54E /* slateUITests */,
			);
		};
/* End PBXProject section */

/* Begin PBXResourcesBuildPhase section */
		FA9CE2951B91FD560017C54E /* Resources */ = {
			isa = PBXResourcesBuildPhase;
			buildActionMask = 2147483647;
			files = (
				FA9CE2A51B91FD560017C54E /* LaunchScreen.storyboard in Resources */,
				FA9CE2A21B91FD560017C54E /* Assets.xcassets in Resources */,
				FA9CE2A01B91FD560017C54E /* Main.storyboard in Resources */,
			);
			runOnlyForDeploymentPostprocessing = 0;
		};
		FA9CE2A91B91FD570017C54E /* Resources */ = {
			isa = PBXResourcesBuildPhase;
			buildActionMask = 2147483647;
			files = (
			);
			runOnlyForDeploymentPostprocessing = 0;
		};
		FA9CE2B41B91FD570017C54E /* Resources */ = {
			isa = PBXResourcesBuildPhase;
			buildActionMask = 2147483647;
			files = (
			);
			runOnlyForDeploymentPostprocessing = 0;
		};
/* End PBXResourcesBuildPhase section */

/* Begin PBXShellScriptBuildPhase section */
		56EED4C8651570990087C44A /* Copy Pods Resources */ = {
			isa = PBXShellScriptBuildPhase;
			buildActionMask = 2147483647;
			files = (
			);
			inputPaths = (
			);
			name = "Copy Pods Resources";
			outputPaths = (
			);
			runOnlyForDeploymentPostprocessing = 0;
			shellPath = /bin/sh;
			shellScript = "\"${SRCROOT}/Pods/Target Support Files/Pods/Pods-resources.sh\"\n";
			showEnvVarsInLog = 0;
		};
		B3659C14E7EE7711DE756EDE /* Check Pods Manifest.lock */ = {
			isa = PBXShellScriptBuildPhase;
			buildActionMask = 2147483647;
			files = (
			);
			inputPaths = (
			);
			name = "Check Pods Manifest.lock";
			outputPaths = (
			);
			runOnlyForDeploymentPostprocessing = 0;
			shellPath = /bin/sh;
			shellScript = "diff \"${PODS_ROOT}/../Podfile.lock\" \"${PODS_ROOT}/Manifest.lock\" > /dev/null\nif [[ $? != 0 ]] ; then\n    cat << EOM\nerror: The sandbox is not in sync with the Podfile.lock. Run 'pod install' or update your CocoaPods installation.\nEOM\n    exit 1\nfi\n";
			showEnvVarsInLog = 0;
		};
		E4EED4BFAC080BC41091DA76 /* Embed Pods Frameworks */ = {
			isa = PBXShellScriptBuildPhase;
			buildActionMask = 2147483647;
			files = (
			);
			inputPaths = (
			);
			name = "Embed Pods Frameworks";
			outputPaths = (
			);
			runOnlyForDeploymentPostprocessing = 0;
			shellPath = /bin/sh;
			shellScript = "\"${SRCROOT}/Pods/Target Support Files/Pods/Pods-frameworks.sh\"\n";
			showEnvVarsInLog = 0;
		};
/* End PBXShellScriptBuildPhase section */

/* Begin PBXSourcesBuildPhase section */
		FA9CE2931B91FD560017C54E /* Sources */ = {
			isa = PBXSourcesBuildPhase;
			buildActionMask = 2147483647;
			files = (
				FA9CE29D1B91FD560017C54E /* ViewController.swift in Sources */,
				FA9CE29B1B91FD560017C54E /* AppDelegate.swift in Sources */,
			);
			runOnlyForDeploymentPostprocessing = 0;
		};
		FA9CE2A71B91FD570017C54E /* Sources */ = {
			isa = PBXSourcesBuildPhase;
			buildActionMask = 2147483647;
			files = (
				FA9CE2B01B91FD570017C54E /* slateTests.swift in Sources */,
			);
			runOnlyForDeploymentPostprocessing = 0;
		};
		FA9CE2B21B91FD570017C54E /* Sources */ = {
			isa = PBXSourcesBuildPhase;
			buildActionMask = 2147483647;
			files = (
				FA9CE2BB1B91FD570017C54E /* slateUITests.swift in Sources */,
			);
			runOnlyForDeploymentPostprocessing = 0;
		};
/* End PBXSourcesBuildPhase section */

/* Begin PBXTargetDependency section */
		FA9CE2AD1B91FD570017C54E /* PBXTargetDependency */ = {
			isa = PBXTargetDependency;
			target = FA9CE2961B91FD560017C54E /* slate */;
			targetProxy = FA9CE2AC1B91FD570017C54E /* PBXContainerItemProxy */;
		};
		FA9CE2B81B91FD570017C54E /* PBXTargetDependency */ = {
			isa = PBXTargetDependency;
			target = FA9CE2961B91FD560017C54E /* slate */;
			targetProxy = FA9CE2B71B91FD570017C54E /* PBXContainerItemProxy */;
		};
/* End PBXTargetDependency section */

/* Begin PBXVariantGroup section */
		FA9CE29E1B91FD560017C54E /* Main.storyboard */ = {
			isa = PBXVariantGroup;
			children = (
				FA9CE29F1B91FD560017C54E /* Base */,
			);
			name = Main.storyboard;
			sourceTree = "<group>";
		};
		FA9CE2A31B91FD560017C54E /* LaunchScreen.storyboard */ = {
			isa = PBXVariantGroup;
			children = (
				FA9CE2A41B91FD560017C54E /* Base */,
			);
			name = LaunchScreen.storyboard;
			sourceTree = "<group>";
		};
/* End PBXVariantGroup section */

/* Begin XCBuildConfiguration section */
		FA9CE2BD1B91FD570017C54E /* Debug */ = {
			isa = XCBuildConfiguration;
			buildSettings = {
				ALWAYS_SEARCH_USER_PATHS = NO;
				CLANG_CXX_LANGUAGE_STANDARD = "gnu++0x";
				CLANG_CXX_LIBRARY = "libc++";
				CLANG_ENABLE_MODULES = YES;
				CLANG_ENABLE_OBJC_ARC = YES;
				CLANG_WARN_BOOL_CONVERSION = YES;
				CLANG_WARN_CONSTANT_CONVERSION = YES;
				CLANG_WARN_DIRECT_OBJC_ISA_USAGE = YES_ERROR;
				CLANG_WARN_EMPTY_BODY = YES;
				CLANG_WARN_ENUM_CONVERSION = YES;
				CLANG_WARN_INT_CONVERSION = YES;
				CLANG_WARN_OBJC_ROOT_CLASS = YES_ERROR;
				CLANG_WARN_UNREACHABLE_CODE = YES;
				CLANG_WARN__DUPLICATE_METHOD_MATCH = YES;
				"CODE_SIGN_IDENTITY[sdk=iphoneos*]" = "iPhone Developer";
				COPY_PHASE_STRIP = NO;
				DEBUG_INFORMATION_FORMAT = dwarf;
				ENABLE_STRICT_OBJC_MSGSEND = YES;
				ENABLE_TESTABILITY = YES;
				GCC_C_LANGUAGE_STANDARD = gnu99;
				GCC_DYNAMIC_NO_PIC = NO;
				GCC_NO_COMMON_BLOCKS = YES;
				GCC_OPTIMIZATION_LEVEL = 0;
				GCC_PREPROCESSOR_DEFINITIONS = (
					"DEBUG=1",
					"$(inherited)",
				);
				GCC_WARN_64_TO_32_BIT_CONVERSION = YES;
				GCC_WARN_ABOUT_RETURN_TYPE = YES_ERROR;
				GCC_WARN_UNDECLARED_SELECTOR = YES;
				GCC_WARN_UNINITIALIZED_AUTOS = YES_AGGRESSIVE;
				GCC_WARN_UNUSED_FUNCTION = YES;
				GCC_WARN_UNUSED_VARIABLE = YES;
				IPHONEOS_DEPLOYMENT_TARGET = 9.0;
				MTL_ENABLE_DEBUG_INFO = YES;
				ONLY_ACTIVE_ARCH = YES;
				SDKROOT = iphoneos;
				SWIFT_OPTIMIZATION_LEVEL = "-Onone";
			};
			name = Debug;
		};
		FA9CE2BE1B91FD570017C54E /* Release */ = {
			isa = XCBuildConfiguration;
			buildSettings = {
				ALWAYS_SEARCH_USER_PATHS = NO;
				CLANG_CXX_LANGUAGE_STANDARD = "gnu++0x";
				CLANG_CXX_LIBRARY = "libc++";
				CLANG_ENABLE_MODULES = YES;
				CLANG_ENABLE_OBJC_ARC = YES;
				CLANG_WARN_BOOL_CONVERSION = YES;
				CLANG_WARN_CONSTANT_CONVERSION = YES;
				CLANG_WARN_DIRECT_OBJC_ISA_USAGE = YES_ERROR;
				CLANG_WARN_EMPTY_BODY = YES;
				CLANG_WARN_ENUM_CONVERSION = YES;
				CLANG_WARN_INT_CONVERSION = YES;
				CLANG_WARN_OBJC_ROOT_CLASS = YES_ERROR;
				CLANG_WARN_UNREACHABLE_CODE = YES;
				CLANG_WARN__DUPLICATE_METHOD_MATCH = YES;
				"CODE_SIGN_IDENTITY[sdk=iphoneos*]" = "iPhone Developer";
				COPY_PHASE_STRIP = NO;
				DEBUG_INFORMATION_FORMAT = "dwarf-with-dsym";
				ENABLE_NS_ASSERTIONS = NO;
				ENABLE_STRICT_OBJC_MSGSEND = YES;
				GCC_C_LANGUAGE_STANDARD = gnu99;
				GCC_NO_COMMON_BLOCKS = YES;
				GCC_WARN_64_TO_32_BIT_CONVERSION = YES;
				GCC_WARN_ABOUT_RETURN_TYPE = YES_ERROR;
				GCC_WARN_UNDECLARED_SELECTOR = YES;
				GCC_WARN_UNINITIALIZED_AUTOS = YES_AGGRESSIVE;
				GCC_WARN_UNUSED_FUNCTION = YES;
				GCC_WARN_UNUSED_VARIABLE = YES;
				IPHONEOS_DEPLOYMENT_TARGET = 9.0;
				MTL_ENABLE_DEBUG_INFO = NO;
				SDKROOT = iphoneos;
				VALIDATE_PRODUCT = YES;
			};
			name = Release;
		};
		FA9CE2C01B91FD570017C54E /* Debug */ = {
			isa = XCBuildConfiguration;
			baseConfigurationReference = 9AA95E23041B091A6B844B18 /* Pods.debug.xcconfig */;
			buildSettings = {
				ASSETCATALOG_COMPILER_APPICON_NAME = AppIcon;
				INFOPLIST_FILE = slate/Info.plist;
				LD_RUNPATH_SEARCH_PATHS = "$(inherited) @executable_path/Frameworks";
				PRODUCT_BUNDLE_IDENTIFIER = com.x13n.slate;
				PRODUCT_NAME = "$(TARGET_NAME)";
			};
			name = Debug;
		};
		FA9CE2C11B91FD570017C54E /* Release */ = {
			isa = XCBuildConfiguration;
			baseConfigurationReference = 7DFF7C990BD7FE9ECFF0A01E /* Pods.release.xcconfig */;
			buildSettings = {
				ASSETCATALOG_COMPILER_APPICON_NAME = AppIcon;
				INFOPLIST_FILE = slate/Info.plist;
				LD_RUNPATH_SEARCH_PATHS = "$(inherited) @executable_path/Frameworks";
				PRODUCT_BUNDLE_IDENTIFIER = com.x13n.slate;
				PRODUCT_NAME = "$(TARGET_NAME)";
			};
			name = Release;
		};
		FA9CE2C31B91FD570017C54E /* Debug */ = {
			isa = XCBuildConfiguration;
			buildSettings = {
				BUNDLE_LOADER = "$(TEST_HOST)";
				INFOPLIST_FILE = slateTests/Info.plist;
				LD_RUNPATH_SEARCH_PATHS = "$(inherited) @executable_path/Frameworks @loader_path/Frameworks";
				PRODUCT_BUNDLE_IDENTIFIER = com.x13n.slateTests;
				PRODUCT_NAME = "$(TARGET_NAME)";
				TEST_HOST = "$(BUILT_PRODUCTS_DIR)/slate.app/slate";
			};
			name = Debug;
		};
		FA9CE2C41B91FD570017C54E /* Release */ = {
			isa = XCBuildConfiguration;
			buildSettings = {
				BUNDLE_LOADER = "$(TEST_HOST)";
				INFOPLIST_FILE = slateTests/Info.plist;
				LD_RUNPATH_SEARCH_PATHS = "$(inherited) @executable_path/Frameworks @loader_path/Frameworks";
				PRODUCT_BUNDLE_IDENTIFIER = com.x13n.slateTests;
				PRODUCT_NAME = "$(TARGET_NAME)";
				TEST_HOST = "$(BUILT_PRODUCTS_DIR)/slate.app/slate";
			};
			name = Release;
		};
		FA9CE2C61B91FD570017C54E /* Debug */ = {
			isa = XCBuildConfiguration;
			buildSettings = {
				INFOPLIST_FILE = slateUITests/Info.plist;
				LD_RUNPATH_SEARCH_PATHS = "$(inherited) @executable_path/Frameworks @loader_path/Frameworks";
				PRODUCT_BUNDLE_IDENTIFIER = com.x13n.slateUITests;
				PRODUCT_NAME = "$(TARGET_NAME)";
				TEST_TARGET_NAME = slate;
				USES_XCTRUNNER = YES;
			};
			name = Debug;
		};
		FA9CE2C71B91FD570017C54E /* Release */ = {
			isa = XCBuildConfiguration;
			buildSettings = {
				INFOPLIST_FILE = slateUITests/Info.plist;
				LD_RUNPATH_SEARCH_PATHS = "$(inherited) @executable_path/Frameworks @loader_path/Frameworks";
				PRODUCT_BUNDLE_IDENTIFIER = com.x13n.slateUITests;
				PRODUCT_NAME = "$(TARGET_NAME)";
				TEST_TARGET_NAME = slate;
				USES_XCTRUNNER = YES;
			};
			name = Release;
		};
/* End XCBuildConfiguration section */

/* Begin XCConfigurationList section */
		FA9CE2921B91FD560017C54E /* Build configuration list for PBXProject "slate" */ = {
			isa = XCConfigurationList;
			buildConfigurations = (
				FA9CE2BD1B91FD570017C54E /* Debug */,
				FA9CE2BE1B91FD570017C54E /* Release */,
			);
			defaultConfigurationIsVisible = 0;
			defaultConfigurationName = Release;
		};
		FA9CE2BF1B91FD570017C54E /* Build configuration list for PBXNativeTarget "slate" */ = {
			isa = XCConfigurationList;
			buildConfigurations = (
				FA9CE2C01B91FD570017C54E /* Debug */,
				FA9CE2C11B91FD570017C54E /* Release */,
			);
			defaultConfigurationIsVisible = 0;
			defaultConfigurationName = Release;
		};
		FA9CE2C21B91FD570017C54E /* Build configuration list for PBXNativeTarget "slateTests" */ = {
			isa = XCConfigurationList;
			buildConfigurations = (
				FA9CE2C31B91FD570017C54E /* Debug */,
				FA9CE2C41B91FD570017C54E /* Release */,
			);
			defaultConfigurationIsVisible = 0;
			defaultConfigurationName = Release;
		};
		FA9CE2C51B91FD570017C54E /* Build configuration list for PBXNativeTarget "slateUITests" */ = {
			isa = XCConfigurationList;
			buildConfigurations = (
				FA9CE2C61B91FD570017C54E /* Debug */,
				FA9CE2C71B91FD570017C54E /* Release */,
			);
			defaultConfigurationIsVisible = 0;
			defaultConfigurationName = Release;
		};
/* End XCConfigurationList section */
	};
	rootObject = FA9CE28F1B91FD560017C54E /* Project object */;
}
